PODS:
  - Flutter (1.0.0)
  - icloud_storage (0.0.1):
    - Flutter

DEPENDENCIES:
  - Flutter (from `Flutter`)
  - icloud_storage (from `.symlinks/plugins/icloud_storage/ios`)

EXTERNAL SOURCES:
  Flutter:
    :path: Flutter
  icloud_storage:
    :path: ".symlinks/plugins/icloud_storage/ios"

SPEC CHECKSUMS:
  Flutter: f04841e97a9d0b0a8025694d0796dd46242b2854
  icloud_storage: d9ac7a33ced81df08ba7ea1bf3099cc0ee58f60a

PODFILE CHECKSUM: ef19549a9bc3046e7bb7d2fab4d021637c0c58a3

COCOAPODS: 1.11.3
